
Microsoft Visual Studio Solution File, Format Version 12.00
# Visual Studio Version 16
VisualStudioVersion = 16.0.30225.117
MinimumVisualStudioVersion = 10.0.40219.1
Project("{FAE04EC0-301F-11D3-BF4B-00C04F79EFBC}") = "Xamarin5Test.UWP", "Xamarin5Test\Xamarin5Test.UWP\Xamarin5Test.UWP.csproj", "{6DB5D67C-9CB4-4121-942E-9C5E5662F902}"
EndProject
Project("{FAE04EC0-301F-11D3-BF4B-00C04F79EFBC}") = "Xamarin5Test.Android", "Xamarin5Test\Xamarin5Test.Android\Xamarin5Test.Android.csproj", "{B1EF2268-3122-4675-8B1E-827F633FCF4F}"
EndProject
Project("{FAE04EC0-301F-11D3-BF4B-00C04F79EFBC}") = "Xamarin5Test.iOS", "Xamarin5Test\Xamarin5Test.iOS\Xamarin5Test.iOS.csproj", "{C9C76A4A-34A0-4CE1-A75C-3FF418BCA186}"
EndProject
Project("{FAE04EC0-301F-11D3-BF4B-00C04F79EFBC}") = "Xamarin5Test", "Xamarin5Test\Xamarin5Test\Xamarin5Test.csproj", "{A10EBFD8-1A9E-476D-AE42-2699C52D581D}"
EndProject
Global
	GlobalSection(SolutionConfigurationPlatforms) = preSolution
		Debug|Any CPU = Debug|Any CPU
		Debug|ARM = Debug|ARM
		Debug|iPhone = Debug|iPhone
		Debug|iPhoneSimulator = Debug|iPhoneSimulator
		Debug|x64 = Debug|x64
		Debug|x86 = Debug|x86
		Release|Any CPU = Release|Any CPU
		Release|ARM = Release|ARM
		Release|iPhone = Release|iPhone
		Release|iPhoneSimulator = Release|iPhoneSimulator
		Release|x64 = Release|x64
		Release|x86 = Release|x86
	EndGlobalSection
	GlobalSection(ProjectConfigurationPlatforms) = postSolution
		{6DB5D67C-9CB4-4121-942E-9C5E5662F902}.Debug|Any CPU.ActiveCfg = Debug|x86
		{6DB5D67C-9CB4-4121-942E-9C5E5662F902}.Debug|Any CPU.Build.0 = Debug|x86
		{6DB5D67C-9CB4-4121-942E-9C5E5662F902}.Debug|Any CPU.Deploy.0 = Debug|x86
		{6DB5D67C-9CB4-4121-942E-9C5E5662F902}.Debug|ARM.ActiveCfg = Debug|ARM
		{6DB5D67C-9CB4-4121-942E-9C5E5662F902}.Debug|ARM.Build.0 = Debug|ARM
		{6DB5D67C-9CB4-4121-942E-9C5E5662F902}.Debug|ARM.Deploy.0 = Debug|ARM
		{6DB5D67C-9CB4-4121-942E-9C5E5662F902}.Debug|iPhone.ActiveCfg = Debug|x86
		{6DB5D67C-9CB4-4121-942E-9C5E5662F902}.Debug|iPhone.Build.0 = Debug|x86
		{6DB5D67C-9CB4-4121-942E-9C5E5662F902}.Debug|iPhone.Deploy.0 = Debug|x86
		{6DB5D67C-9CB4-4121-942E-9C5E5662F902}.Debug|iPhoneSimulator.ActiveCfg = Debug|x86
		{6DB5D67C-9CB4-4121-942E-9C5E5662F902}.Debug|iPhoneSimulator.Build.0 = Debug|x86
		{6DB5D67C-9CB4-4121-942E-9C5E5662F902}.Debug|iPhoneSimulator.Deploy.0 = Debug|x86
		{6DB5D67C-9CB4-4121-942E-9C5E5662F902}.Debug|x64.ActiveCfg = Debug|x64
		{6DB5D67C-9CB4-4121-942E-9C5E5662F902}.Debug|x64.Build.0 = Debug|x64
		{6DB5D67C-9CB4-4121-942E-9C5E5662F902}.Debug|x64.Deploy.0 = Debug|x64
		{6DB5D67C-9CB4-4121-942E-9C5E5662F902}.Debug|x86.ActiveCfg = Debug|x86
		{6DB5D67C-9CB4-4121-942E-9C5E5662F902}.Debug|x86.Build.0 = Debug|x86
		{6DB5D67C-9CB4-4121-942E-9C5E5662F902}.Debug|x86.Deploy.0 = Debug|x86
		{6DB5D67C-9CB4-4121-942E-9C5E5662F902}.Release|Any CPU.ActiveCfg = Release|x86
		{6DB5D67C-9CB4-4121-942E-9C5E5662F902}.Release|Any CPU.Build.0 = Release|x86
		{6DB5D67C-9CB4-4121-942E-9C5E5662F902}.Release|Any CPU.Deploy.0 = Release|x86
		{6DB5D67C-9CB4-4121-942E-9C5E5662F902}.Release|ARM.ActiveCfg = Release|ARM
		{6DB5D67C-9CB4-4121-942E-9C5E5662F902}.Release|ARM.Build.0 = Release|ARM
		{6DB5D67C-9CB4-4121-942E-9C5E5662F902}.Release|ARM.Deploy.0 = Release|ARM
		{6DB5D67C-9CB4-4121-942E-9C5E5662F902}.Release|iPhone.ActiveCfg = Release|x86
		{6DB5D67C-9CB4-4121-942E-9C5E5662F902}.Release|iPhone.Build.0 = Release|x86
		{6DB5D67C-9CB4-4121-942E-9C5E5662F902}.Release|iPhone.Deploy.0 = Release|x86
		{6DB5D67C-9CB4-4121-942E-9C5E5662F902}.Release|iPhoneSimulator.ActiveCfg = Release|x86
		{6DB5D67C-9CB4-4121-942E-9C5E5662F902}.Release|iPhoneSimulator.Build.0 = Release|x86
		{6DB5D67C-9CB4-4121-942E-9C5E5662F902}.Release|iPhoneSimulator.Deploy.0 = Release|x86
		{6DB5D67C-9CB4-4121-942E-9C5E5662F902}.Release|x64.ActiveCfg = Release|x64
		{6DB5D67C-9CB4-4121-942E-9C5E5662F902}.Release|x64.Build.0 = Release|x64
		{6DB5D67C-9CB4-4121-942E-9C5E5662F902}.Release|x64.Deploy.0 = Release|x64
		{6DB5D67C-9CB4-4121-942E-9C5E5662F902}.Release|x86.ActiveCfg = Release|x86
		{6DB5D67C-9CB4-4121-942E-9C5E5662F902}.Release|x86.Build.0 = Release|x86
		{6DB5D67C-9CB4-4121-942E-9C5E5662F902}.Release|x86.Deploy.0 = Release|x86
		{B1EF2268-3122-4675-8B1E-827F633FCF4F}.Debug|Any CPU.ActiveCfg = Debug|Any CPU
		{B1EF2268-3122-4675-8B1E-827F633FCF4F}.Debug|Any CPU.Build.0 = Debug|Any CPU
		{B1EF2268-3122-4675-8B1E-827F633FCF4F}.Debug|Any CPU.Deploy.0 = Debug|Any CPU
		{B1EF2268-3122-4675-8B1E-827F633FCF4F}.Debug|ARM.ActiveCfg = Debug|Any CPU
		{B1EF2268-3122-4675-8B1E-827F633FCF4F}.Debug|ARM.Build.0 = Debug|Any CPU
		{B1EF2268-3122-4675-8B1E-827F633FCF4F}.Debug|ARM.Deploy.0 = Debug|Any CPU
		{B1EF2268-3122-4675-8B1E-827F633FCF4F}.Debug|iPhone.ActiveCfg = Debug|Any CPU
		{B1EF2268-3122-4675-8B1E-827F633FCF4F}.Debug|iPhone.Build.0 = Debug|Any CPU
		{B1EF2268-3122-4675-8B1E-827F633FCF4F}.Debug|iPhone.Deploy.0 = Debug|Any CPU
		{B1EF2268-3122-4675-8B1E-827F633FCF4F}.Debug|iPhoneSimulator.ActiveCfg = Debug|Any CPU
		{B1EF2268-3122-4675-8B1E-827F633FCF4F}.Debug|iPhoneSimulator.Build.0 = Debug|Any CPU
		{B1EF2268-3122-4675-8B1E-827F633FCF4F}.Debug|iPhoneSimulator.Deploy.0 = Debug|Any CPU
		{B1EF2268-3122-4675-8B1E-827F633FCF4F}.Debug|x64.ActiveCfg = Debug|Any CPU
		{B1EF2268-3122-4675-8B1E-827F633FCF4F}.Debug|x64.Build.0 = Debug|Any CPU
		{B1EF2268-3122-4675-8B1E-827F633FCF4F}.Debug|x64.Deploy.0 = Debug|Any CPU
		{B1EF2268-3122-4675-8B1E-827F633FCF4F}.Debug|x86.ActiveCfg = Debug|Any CPU
		{B1EF2268-3122-4675-8B1E-827F633FCF4F}.Debug|x86.Build.0 = Debug|Any CPU
		{B1EF2268-3122-4675-8B1E-827F633FCF4F}.Debug|x86.Deploy.0 = Debug|Any CPU
		{B1EF2268-3122-4675-8B1E-827F633FCF4F}.Release|Any CPU.ActiveCfg = Release|Any CPU
		{B1EF2268-3122-4675-8B1E-827F633FCF4F}.Release|Any CPU.Build.0 = Release|Any CPU
		{B1EF2268-3122-4675-8B1E-827F633FCF4F}.Release|Any CPU.Deploy.0 = Release|Any CPU
		{B1EF2268-3122-4675-8B1E-827F633FCF4F}.Release|ARM.ActiveCfg = Release|Any CPU
		{B1EF2268-3122-4675-8B1E-827F633FCF4F}.Release|ARM.Build.0 = Release|Any CPU
		{B1EF2268-3122-4675-8B1E-827F633FCF4F}.Release|ARM.Deploy.0 = Release|Any CPU
		{B1EF2268-3122-4675-8B1E-827F633FCF4F}.Release|iPhone.ActiveCfg = Release|Any CPU
		{B1EF2268-3122-4675-8B1E-827F633FCF4F}.Release|iPhone.Build.0 = Release|Any CPU
		{B1EF2268-3122-4675-8B1E-827F633FCF4F}.Release|iPhone.Deploy.0 = Release|Any CPU
		{B1EF2268-3122-4675-8B1E-827F633FCF4F}.Release|iPhoneSimulator.ActiveCfg = Release|Any CPU
		{B1EF2268-3122-4675-8B1E-827F633FCF4F}.Release|iPhoneSimulator.Build.0 = Release|Any CPU
		{B1EF2268-3122-4675-8B1E-827F633FCF4F}.Release|iPhoneSimulator.Deploy.0 = Release|Any CPU
		{B1EF2268-3122-4675-8B1E-827F633FCF4F}.Release|x64.ActiveCfg = Release|Any CPU
		{B1EF2268-3122-4675-8B1E-827F633FCF4F}.Release|x64.Build.0 = Release|Any CPU
		{B1EF2268-3122-4675-8B1E-827F633FCF4F}.Release|x64.Deploy.0 = Release|Any CPU
		{B1EF2268-3122-4675-8B1E-827F633FCF4F}.Release|x86.ActiveCfg = Release|Any CPU
		{B1EF2268-3122-4675-8B1E-827F633FCF4F}.Release|x86.Build.0 = Release|Any CPU
		{B1EF2268-3122-4675-8B1E-827F633FCF4F}.Release|x86.Deploy.0 = Release|Any CPU
		{C9C76A4A-34A0-4CE1-A75C-3FF418BCA186}.Debug|Any CPU.ActiveCfg = Debug|iPhone
		{C9C76A4A-34A0-4CE1-A75C-3FF418BCA186}.Debug|Any CPU.Build.0 = Debug|iPhone
		{C9C76A4A-34A0-4CE1-A75C-3FF418BCA186}.Debug|Any CPU.Deploy.0 = Debug|iPhone
		{C9C76A4A-34A0-4CE1-A75C-3FF418BCA186}.Debug|ARM.ActiveCfg = Debug|iPhone
		{C9C76A4A-34A0-4CE1-A75C-3FF418BCA186}.Debug|ARM.Build.0 = Debug|iPhone
		{C9C76A4A-34A0-4CE1-A75C-3FF418BCA186}.Debug|ARM.Deploy.0 = Debug|iPhone
		{C9C76A4A-34A0-4CE1-A75C-3FF418BCA186}.Debug|iPhone.ActiveCfg = Debug|iPhone
		{C9C76A4A-34A0-4CE1-A75C-3FF418BCA186}.Debug|iPhone.Build.0 = Debug|iPhone
		{C9C76A4A-34A0-4CE1-A75C-3FF418BCA186}.Debug|iPhone.Deploy.0 = Debug|iPhone
		{C9C76A4A-34A0-4CE1-A75C-3FF418BCA186}.Debug|iPhoneSimulator.ActiveCfg = Debug|iPhoneSimulator
		{C9C76A4A-34A0-4CE1-A75C-3FF418BCA186}.Debug|iPhoneSimulator.Build.0 = Debug|iPhoneSimulator
		{C9C76A4A-34A0-4CE1-A75C-3FF418BCA186}.Debug|iPhoneSimulator.Deploy.0 = Debug|iPhoneSimulator
		{C9C76A4A-34A0-4CE1-A75C-3FF418BCA186}.Debug|x64.ActiveCfg = Debug|iPhone
		{C9C76A4A-34A0-4CE1-A75C-3FF418BCA186}.Debug|x64.Build.0 = Debug|iPhone
		{C9C76A4A-34A0-4CE1-A75C-3FF418BCA186}.Debug|x64.Deploy.0 = Debug|iPhone
		{C9C76A4A-34A0-4CE1-A75C-3FF418BCA186}.Debug|x86.ActiveCfg = Debug|iPhone
		{C9C76A4A-34A0-4CE1-A75C-3FF418BCA186}.Debug|x86.Build.0 = Debug|iPhone
		{C9C76A4A-34A0-4CE1-A75C-3FF418BCA186}.Debug|x86.Deploy.0 = Debug|iPhone
		{C9C76A4A-34A0-4CE1-A75C-3FF418BCA186}.Release|Any CPU.ActiveCfg = Release|iPhone
		{C9C76A4A-34A0-4CE1-A75C-3FF418BCA186}.Release|Any CPU.Build.0 = Release|iPhone
		{C9C76A4A-34A0-4CE1-A75C-3FF418BCA186}.Release|Any CPU.Deploy.0 = Release|iPhone
		{C9C76A4A-34A0-4CE1-A75C-3FF418BCA186}.Release|ARM.ActiveCfg = Release|iPhone
		{C9C76A4A-34A0-4CE1-A75C-3FF418BCA186}.Release|ARM.Build.0 = Release|iPhone
		{C9C76A4A-34A0-4CE1-A75C-3FF418BCA186}.Release|ARM.Deploy.0 = Release|iPhone
		{C9C76A4A-34A0-4CE1-A75C-3FF418BCA186}.Release|iPhone.ActiveCfg = Release|iPhone
		{C9C76A4A-34A0-4CE1-A75C-3FF418BCA186}.Release|iPhone.Build.0 = Release|iPhone
		{C9C76A4A-34A0-4CE1-A75C-3FF418BCA186}.Release|iPhone.Deploy.0 = Release|iPhone
		{C9C76A4A-34A0-4CE1-A75C-3FF418BCA186}.Release|iPhoneSimulator.ActiveCfg = Release|iPhoneSimulator
		{C9C76A4A-34A0-4CE1-A75C-3FF418BCA186}.Release|iPhoneSimulator.Build.0 = Release|iPhoneSimulator
		{C9C76A4A-34A0-4CE1-A75C-3FF418BCA186}.Release|iPhoneSimulator.Deploy.0 = Release|iPhoneSimulator
		{C9C76A4A-34A0-4CE1-A75C-3FF418BCA186}.Release|x64.ActiveCfg = Release|iPhone
		{C9C76A4A-34A0-4CE1-A75C-3FF418BCA186}.Release|x64.Build.0 = Release|iPhone
		{C9C76A4A-34A0-4CE1-A75C-3FF418BCA186}.Release|x64.Deploy.0 = Release|iPhone
		{C9C76A4A-34A0-4CE1-A75C-3FF418BCA186}.Release|x86.ActiveCfg = Release|iPhone
		{C9C76A4A-34A0-4CE1-A75C-3FF418BCA186}.Release|x86.Build.0 = Release|iPhone
		{C9C76A4A-34A0-4CE1-A75C-3FF418BCA186}.Release|x86.Deploy.0 = Release|iPhone
		{A10EBFD8-1A9E-476D-AE42-2699C52D581D}.Debug|Any CPU.ActiveCfg = Debug|Any CPU
		{A10EBFD8-1A9E-476D-AE42-2699C52D581D}.Debug|Any CPU.Build.0 = Debug|Any CPU
		{A10EBFD8-1A9E-476D-AE42-2699C52D581D}.Debug|Any CPU.Deploy.0 = Debug|Any CPU
		{A10EBFD8-1A9E-476D-AE42-2699C52D581D}.Debug|ARM.ActiveCfg = Debug|Any CPU
		{A10EBFD8-1A9E-476D-AE42-2699C52D581D}.Debug|ARM.Build.0 = Debug|Any CPU
		{A10EBFD8-1A9E-476D-AE42-2699C52D581D}.Debug|ARM.Deploy.0 = Debug|Any CPU
		{A10EBFD8-1A9E-476D-AE42-2699C52D581D}.Debug|iPhone.ActiveCfg = Debug|Any CPU
		{A10EBFD8-1A9E-476D-AE42-2699C52D581D}.Debug|iPhone.Build.0 = Debug|Any CPU
		{A10EBFD8-1A9E-476D-AE42-2699C52D581D}.Debug|iPhone.Deploy.0 = Debug|Any CPU
		{A10EBFD8-1A9E-476D-AE42-2699C52D581D}.Debug|iPhoneSimulator.ActiveCfg = Debug|Any CPU
		{A10EBFD8-1A9E-476D-AE42-2699C52D581D}.Debug|iPhoneSimulator.Build.0 = Debug|Any CPU
		{A10EBFD8-1A9E-476D-AE42-2699C52D581D}.Debug|iPhoneSimulator.Deploy.0 = Debug|Any CPU
		{A10EBFD8-1A9E-476D-AE42-2699C52D581D}.Debug|x64.ActiveCfg = Debug|Any CPU
		{A10EBFD8-1A9E-476D-AE42-2699C52D581D}.Debug|x64.Build.0 = Debug|Any CPU
		{A10EBFD8-1A9E-476D-AE42-2699C52D581D}.Debug|x64.Deploy.0 = Debug|Any CPU
		{A10EBFD8-1A9E-476D-AE42-2699C52D581D}.Debug|x86.ActiveCfg = Debug|Any CPU
		{A10EBFD8-1A9E-476D-AE42-2699C52D581D}.Debug|x86.Build.0 = Debug|Any CPU
		{A10EBFD8-1A9E-476D-AE42-2699C52D581D}.Debug|x86.Deploy.0 = Debug|Any CPU
		{A10EBFD8-1A9E-476D-AE42-2699C52D581D}.Release|Any CPU.ActiveCfg = Release|Any CPU
		{A10EBFD8-1A9E-476D-AE42-2699C52D581D}.Release|Any CPU.Build.0 = Release|Any CPU
		{A10EBFD8-1A9E-476D-AE42-2699C52D581D}.Release|Any CPU.Deploy.0 = Release|Any CPU
		{A10EBFD8-1A9E-476D-AE42-2699C52D581D}.Release|ARM.ActiveCfg = Release|Any CPU
		{A10EBFD8-1A9E-476D-AE42-2699C52D581D}.Release|ARM.Build.0 = Release|Any CPU
		{A10EBFD8-1A9E-476D-AE42-2699C52D581D}.Release|ARM.Deploy.0 = Release|Any CPU
		{A10EBFD8-1A9E-476D-AE42-2699C52D581D}.Release|iPhone.ActiveCfg = Release|Any CPU
		{A10EBFD8-1A9E-476D-AE42-2699C52D581D}.Release|iPhone.Build.0 = Release|Any CPU
		{A10EBFD8-1A9E-476D-AE42-2699C52D581D}.Release|iPhone.Deploy.0 = Release|Any CPU
		{A10EBFD8-1A9E-476D-AE42-2699C52D581D}.Release|iPhoneSimulator.ActiveCfg = Release|Any CPU
		{A10EBFD8-1A9E-476D-AE42-2699C52D581D}.Release|iPhoneSimulator.Build.0 = Release|Any CPU
		{A10EBFD8-1A9E-476D-AE42-2699C52D581D}.Release|iPhoneSimulator.Deploy.0 = Release|Any CPU
		{A10EBFD8-1A9E-476D-AE42-2699C52D581D}.Release|x64.ActiveCfg = Release|Any CPU
		{A10EBFD8-1A9E-476D-AE42-2699C52D581D}.Release|x64.Build.0 = Release|Any CPU
		{A10EBFD8-1A9E-476D-AE42-2699C52D581D}.Release|x64.Deploy.0 = Release|Any CPU
		{A10EBFD8-1A9E-476D-AE42-2699C52D581D}.Release|x86.ActiveCfg = Release|Any CPU
		{A10EBFD8-1A9E-476D-AE42-2699C52D581D}.Release|x86.Build.0 = Release|Any CPU
		{A10EBFD8-1A9E-476D-AE42-2699C52D581D}.Release|x86.Deploy.0 = Release|Any CPU
	EndGlobalSection
	GlobalSection(SolutionProperties) = preSolution
		HideSolutionNode = FALSE
	EndGlobalSection
	GlobalSection(ExtensibilityGlobals) = postSolution
		SolutionGuid = {049C0C39-9B4C-48A6-908E-1BA63F653D3A}
	EndGlobalSection
EndGlobal
